// !$*UTF8*$!
{
	archiveVersion = 1;
	classes = {
	};
	objectVersion = 48;
	objects = {

/* Begin PBXBuildFile section */
		280E40261F6599F20047899B /* Player.swift in Sources */ = {isa = PBXBuildFile; fileRef = 280E40251F6599F20047899B /* Player.swift */; };
		286F177C1F65192A0040DAE6 /* AppDelegate.swift in Sources */ = {isa = PBXBuildFile; fileRef = 286F177B1F65192A0040DAE6 /* AppDelegate.swift */; };
		286F177E1F65192A0040DAE6 /* WelcomVC.swift in Sources */ = {isa = PBXBuildFile; fileRef = 286F177D1F65192A0040DAE6 /* WelcomVC.swift */; };
		286F17811F65192A0040DAE6 /* Main.storyboard in Resources */ = {isa = PBXBuildFile; fileRef = 286F177F1F65192A0040DAE6 /* Main.storyboard */; };
		286F17831F65192A0040DAE6 /* Assets.xcassets in Resources */ = {isa = PBXBuildFile; fileRef = 286F17821F65192A0040DAE6 /* Assets.xcassets */; };
		286F17861F65192A0040DAE6 /* LaunchScreen.storyboard in Resources */ = {isa = PBXBuildFile; fileRef = 286F17841F65192A0040DAE6 /* LaunchScreen.storyboard */; };
		286F178F1F651FD20040DAE6 /* BorderButton.swift in Sources */ = {isa = PBXBuildFile; fileRef = 286F178E1F651FD20040DAE6 /* BorderButton.swift */; };
		286F17931F657B240040DAE6 /* LeagueVC.swift in Sources */ = {isa = PBXBuildFile; fileRef = 286F17921F657B240040DAE6 /* LeagueVC.swift */; };
		286F17951F657B3A0040DAE6 /* SkillVC.swift in Sources */ = {isa = PBXBuildFile; fileRef = 286F17941F657B3A0040DAE6 /* SkillVC.swift */; };
/* End PBXBuildFile section */

/* Begin PBXFileReference section */
		280E40251F6599F20047899B /* Player.swift */ = {isa = PBXFileReference; lastKnownFileType = sourcecode.swift; path = Player.swift; sourceTree = "<group>"; };
		286F17781F65192A0040DAE6 /* swoosh.app */ = {isa = PBXFileReference; explicitFileType = wrapper.application; includeInIndex = 0; path = swoosh.app; sourceTree = BUILT_PRODUCTS_DIR; };
		286F177B1F65192A0040DAE6 /* AppDelegate.swift */ = {isa = PBXFileReference; lastKnownFileType = sourcecode.swift; path = AppDelegate.swift; sourceTree = "<group>"; };
		286F177D1F65192A0040DAE6 /* WelcomVC.swift */ = {isa = PBXFileReference; lastKnownFileType = sourcecode.swift; path = WelcomVC.swift; sourceTree = "<group>"; };
		286F17801F65192A0040DAE6 /* Base */ = {isa = PBXFileReference; lastKnownFileType = file.storyboard; name = Base; path = Base.lproj/Main.storyboard; sourceTree = "<group>"; };
		286F17821F65192A0040DAE6 /* Assets.xcassets */ = {isa = PBXFileReference; lastKnownFileType = folder.assetcatalog; path = Assets.xcassets; sourceTree = "<group>"; };
		286F17851F65192A0040DAE6 /* Base */ = {isa = PBXFileReference; lastKnownFileType = file.storyboard; name = Base; path = Base.lproj/LaunchScreen.storyboard; sourceTree = "<group>"; };
		286F17871F65192A0040DAE6 /* Info.plist */ = {isa = PBXFileReference; lastKnownFileType = text.plist.xml; path = Info.plist; sourceTree = "<group>"; };
		286F178E1F651FD20040DAE6 /* BorderButton.swift */ = {isa = PBXFileReference; lastKnownFileType = sourcecode.swift; path = BorderButton.swift; sourceTree = "<group>"; };
		286F17921F657B240040DAE6 /* LeagueVC.swift */ = {isa = PBXFileReference; lastKnownFileType = sourcecode.swift; path = LeagueVC.swift; sourceTree = "<group>"; };
		286F17941F657B3A0040DAE6 /* SkillVC.swift */ = {isa = PBXFileReference; lastKnownFileType = sourcecode.swift; path = SkillVC.swift; sourceTree = "<group>"; };
/* End PBXFileReference section */

/* Begin PBXFrameworksBuildPhase section */
		286F17751F65192A0040DAE6 /* Frameworks */ = {
			isa = PBXFrameworksBuildPhase;
			buildActionMask = 2147483647;
			files = (
			);
			runOnlyForDeploymentPostprocessing = 0;
		};
/* End PBXFrameworksBuildPhase section */

/* Begin PBXGroup section */
		286F176F1F65192A0040DAE6 = {
			isa = PBXGroup;
			children = (
				286F177A1F65192A0040DAE6 /* swoosh */,
				286F17791F65192A0040DAE6 /* Products */,
			);
			sourceTree = "<group>";
		};
		286F17791F65192A0040DAE6 /* Products */ = {
			isa = PBXGroup;
			children = (
				286F17781F65192A0040DAE6 /* swoosh.app */,
			);
			name = Products;
			sourceTree = "<group>";
		};
		286F177A1F65192A0040DAE6 /* swoosh */ = {
			isa = PBXGroup;
			children = (
				286F17901F6579CF0040DAE6 /* Model */,
				286F17911F6579DA0040DAE6 /* Controller */,
				286F178D1F651F860040DAE6 /* View */,
				286F177B1F65192A0040DAE6 /* AppDelegate.swift */,
				286F177F1F65192A0040DAE6 /* Main.storyboard */,
				286F17821F65192A0040DAE6 /* Assets.xcassets */,
				286F17841F65192A0040DAE6 /* LaunchScreen.storyboard */,
				286F17871F65192A0040DAE6 /* Info.plist */,
			);
			path = swoosh;
			sourceTree = "<group>";
		};
		286F178D1F651F860040DAE6 /* View */ = {
			isa = PBXGroup;
			children = (
				286F178E1F651FD20040DAE6 /* BorderButton.swift */,
			);
			path = View;
			sourceTree = "<group>";
		};
		286F17901F6579CF0040DAE6 /* Model */ = {
			isa = PBXGroup;
			children = (
				280E40251F6599F20047899B /* Player.swift */,
			);
			path = Model;
			sourceTree = "<group>";
		};
		286F17911F6579DA0040DAE6 /* Controller */ = {
			isa = PBXGroup;
			children = (
				286F177D1F65192A0040DAE6 /* WelcomVC.swift */,
				286F17921F657B240040DAE6 /* LeagueVC.swift */,
				286F17941F657B3A0040DAE6 /* SkillVC.swift */,
			);
			path = Controller;
			sourceTree = "<group>";
		};
/* End PBXGroup section */

/* Begin PBXNativeTarget section */
		286F17771F65192A0040DAE6 /* swoosh */ = {
			isa = PBXNativeTarget;
			buildConfigurationList = 286F178A1F65192A0040DAE6 /* Build configuration list for PBXNativeTarget "swoosh" */;
			buildPhases = (
				286F17741F65192A0040DAE6 /* Sources */,
				286F17751F65192A0040DAE6 /* Frameworks */,
				286F17761F65192A0040DAE6 /* Resources */,
			);
			buildRules = (
			);
			dependencies = (
			);
			name = swoosh;
			productName = swoosh;
			productReference = 286F17781F65192A0040DAE6 /* swoosh.app */;
			productType = "com.apple.product-type.application";
		};
/* End PBXNativeTarget section */

/* Begin PBXProject section */
		286F17701F65192A0040DAE6 /* Project object */ = {
			isa = PBXProject;
			attributes = {
				LastSwiftUpdateCheck = 0900;
				LastUpgradeCheck = 0900;
				ORGANIZATIONNAME = netcop;
				TargetAttributes = {
					286F17771F65192A0040DAE6 = {
						CreatedOnToolsVersion = 9.0;
						ProvisioningStyle = Automatic;
					};
				};
			};
			buildConfigurationList = 286F17731F65192A0040DAE6 /* Build configuration list for PBXProject "swoosh" */;
			compatibilityVersion = "Xcode 8.0";
			developmentRegion = en;
			hasScannedForEncodings = 0;
			knownRegions = (
				en,
				Base,
			);
			mainGroup = 286F176F1F65192A0040DAE6;
			productRefGroup = 286F17791F65192A0040DAE6 /* Products */;
			projectDirPath = "";
			projectRoot = "";
			targets = (
				286F17771F65192A0040DAE6 /* swoosh */,
			);
		};
/* End PBXProject section */

/* Begin PBXResourcesBuildPhase section */
		286F17761F65192A0040DAE6 /* Resources */ = {
			isa = PBXResourcesBuildPhase;
			buildActionMask = 2147483647;
			files = (
				286F17861F65192A0040DAE6 /* LaunchScreen.storyboard in Resources */,
				286F17831F65192A0040DAE6 /* Assets.xcassets in Resources */,
				286F17811F65192A0040DAE6 /* Main.storyboard in Resources */,
			);
			runOnlyForDeploymentPostprocessing = 0;
		};
/* End PBXResourcesBuildPhase section */

/* Begin PBXSourcesBuildPhase section */
		286F17741F65192A0040DAE6 /* Sources */ = {
			isa = PBXSourcesBuildPhase;
			buildActionMask = 2147483647;
			files = (
				286F177E1F65192A0040DAE6 /* WelcomVC.swift in Sources */,
				286F17931F657B240040DAE6 /* LeagueVC.swift in Sources */,
				286F177C1F65192A0040DAE6 /* AppDelegate.swift in Sources */,
				286F17951F657B3A0040DAE6 /* SkillVC.swift in Sources */,
				280E40261F6599F20047899B /* Player.swift in Sources */,
				286F178F1F651FD20040DAE6 /* BorderButton.swift in Sources */,
			);
			runOnlyForDeploymentPostprocessing = 0;
		};
/* End PBXSourcesBuildPhase section */

/* Begin PBXVariantGroup section */
		286F177F1F65192A0040DAE6 /* Main.storyboard */ = {
			isa = PBXVariantGroup;
			children = (
				286F17801F65192A0040DAE6 /* Base */,
			);
			name = Main.storyboard;
			sourceTree = "<group>";
		};
		286F17841F65192A0040DAE6 /* LaunchScreen.storyboard */ = {
			isa = PBXVariantGroup;
			children = (
				286F17851F65192A0040DAE6 /* Base */,
			);
			name = LaunchScreen.storyboard;
			sourceTree = "<group>";
		};
/* End PBXVariantGroup section */

/* Begin XCBuildConfiguration section */
		286F17881F65192A0040DAE6 /* Debug */ = {
			isa = XCBuildConfiguration;
			buildSettings = {
				ALWAYS_SEARCH_USER_PATHS = NO;
				CLANG_ANALYZER_NONNULL = YES;
				CLANG_ANALYZER_NUMBER_OBJECT_CONVERSION = YES_AGGRESSIVE;
				CLANG_CXX_LANGUAGE_STANDARD = "gnu++14";
				CLANG_CXX_LIBRARY = "libc++";
				CLANG_ENABLE_MODULES = YES;
				CLANG_ENABLE_OBJC_ARC = YES;
				CLANG_WARN_BLOCK_CAPTURE_AUTORELEASING = YES;
				CLANG_WARN_BOOL_CONVERSION = YES;
				CLANG_WARN_COMMA = YES;
				CLANG_WARN_CONSTANT_CONVERSION = YES;
				CLANG_WARN_DIRECT_OBJC_ISA_USAGE = YES_ERROR;
				CLANG_WARN_DOCUMENTATION_COMMENTS = YES;
				CLANG_WARN_EMPTY_BODY = YES;
				CLANG_WARN_ENUM_CONVERSION = YES;
				CLANG_WARN_INFINITE_RECURSION = YES;
				CLANG_WARN_INT_CONVERSION = YES;
				CLANG_WARN_NON_LITERAL_NULL_CONVERSION = YES;
				CLANG_WARN_OBJC_LITERAL_CONVERSION = YES;
				CLANG_WARN_OBJC_ROOT_CLASS = YES_ERROR;
				CLANG_WARN_RANGE_LOOP_ANALYSIS = YES;
				CLANG_WARN_STRICT_PROTOTYPES = YES;
				CLANG_WARN_SUSPICIOUS_MOVE = YES;
				CLANG_WARN_UNGUARDED_AVAILABILITY = YES_AGGRESSIVE;
				CLANG_WARN_UNREACHABLE_CODE = YES;
				CLANG_WARN__DUPLICATE_METHOD_MATCH = YES;
				CODE_SIGN_IDENTITY = "iPhone Developer";
				COPY_PHASE_STRIP = NO;
				DEBUG_INFORMATION_FORMAT = dwarf;
				ENABLE_STRICT_OBJC_MSGSEND = YES;
				ENABLE_TESTABILITY = YES;
				GCC_C_LANGUAGE_STANDARD = gnu11;
				GCC_DYNAMIC_NO_PIC = NO;
				GCC_NO_COMMON_BLOCKS = YES;
				GCC_OPTIMIZATION_LEVEL = 0;
				GCC_PREPROCESSOR_DEFINITIONS = (
					"DEBUG=1",
					"$(inherited)",
				);
				GCC_WARN_64_TO_32_BIT_CONVERSION = YES;
				GCC_WARN_ABOUT_RETURN_TYPE = YES_ERROR;
				GCC_WARN_UNDECLARED_SELECTOR = YES;
				GCC_WARN_UNINITIALIZED_AUTOS = YES_AGGRESSIVE;
				GCC_WARN_UNUSED_FUNCTION = YES;
				GCC_WARN_UNUSED_VARIABLE = YES;
				IPHONEOS_DEPLOYMENT_TARGET = 11.0;
				MTL_ENABLE_DEBUG_INFO = YES;
				ONLY_ACTIVE_ARCH = YES;
				SDKROOT = iphoneos;
				SWIFT_ACTIVE_COMPILATION_CONDITIONS = DEBUG;
				SWIFT_OPTIMIZATION_LEVEL = "-Onone";
			};
			name = Debug;
		};
		286F17891F65192A0040DAE6 /* Release */ = {
			isa = XCBuildConfiguration;
			buildSettings = {
				ALWAYS_SEARCH_USER_PATHS = NO;
				CLANG_ANALYZER_NONNULL = YES;
				CLANG_ANALYZER_NUMBER_OBJECT_CONVERSION = YES_AGGRESSIVE;
				CLANG_CXX_LANGUAGE_STANDARD = "gnu++14";
				CLANG_CXX_LIBRARY = "libc++";
				CLANG_ENABLE_MODULES = YES;
				CLANG_ENABLE_OBJC_ARC = YES;
				CLANG_WARN_BLOCK_CAPTURE_AUTORELEASING = YES;
				CLANG_WARN_BOOL_CONVERSION = YES;
				CLANG_WARN_COMMA = YES;
				CLANG_WARN_CONSTANT_CONVERSION = YES;
				CLANG_WARN_DIRECT_OBJC_ISA_USAGE = YES_ERROR;
				CLANG_WARN_DOCUMENTATION_COMMENTS = YES;
				CLANG_WARN_EMPTY_BODY = YES;
				CLANG_WARN_ENUM_CONVERSION = YES;
				CLANG_WARN_INFINITE_RECURSION = YES;
				CLANG_WARN_INT_CONVERSION = YES;
				CLANG_WARN_NON_LITERAL_NULL_CONVERSION = YES;
				CLANG_WARN_OBJC_LITERAL_CONVERSION = YES;
				CLANG_WARN_OBJC_ROOT_CLASS = YES_ERROR;
				CLANG_WARN_RANGE_LOOP_ANALYSIS = YES;
				CLANG_WARN_STRICT_PROTOTYPES = YES;
				CLANG_WARN_SUSPICIOUS_MOVE = YES;
				CLANG_WARN_UNGUARDED_AVAILABILITY = YES_AGGRESSIVE;
				CLANG_WARN_UNREACHABLE_CODE = YES;
				CLANG_WARN__DUPLICATE_METHOD_MATCH = YES;
				CODE_SIGN_IDENTITY = "iPhone Developer";
				COPY_PHASE_STRIP = NO;
				DEBUG_INFORMATION_FORMAT = "dwarf-with-dsym";
				ENABLE_NS_ASSERTIONS = NO;
				ENABLE_STRICT_OBJC_MSGSEND = YES;
				GCC_C_LANGUAGE_STANDARD = gnu11;
				GCC_NO_COMMON_BLOCKS = YES;
				GCC_WARN_64_TO_32_BIT_CONVERSION = YES;
				GCC_WARN_ABOUT_RETURN_TYPE = YES_ERROR;
				GCC_WARN_UNDECLARED_SELECTOR = YES;
				GCC_WARN_UNINITIALIZED_AUTOS = YES_AGGRESSIVE;
				GCC_WARN_UNUSED_FUNCTION = YES;
				GCC_WARN_UNUSED_VARIABLE = YES;
				IPHONEOS_DEPLOYMENT_TARGET = 11.0;
				MTL_ENABLE_DEBUG_INFO = NO;
				SDKROOT = iphoneos;
				SWIFT_OPTIMIZATION_LEVEL = "-Owholemodule";
				VALIDATE_PRODUCT = YES;
			};
			name = Release;
		};
		286F178B1F65192A0040DAE6 /* Debug */ = {
			isa = XCBuildConfiguration;
			buildSettings = {
				ASSETCATALOG_COMPILER_APPICON_NAME = AppIcon;
				CODE_SIGN_STYLE = Automatic;
				DEVELOPMENT_TEAM = CLNTW5F762;
				INFOPLIST_FILE = swoosh/Info.plist;
				LD_RUNPATH_SEARCH_PATHS = "$(inherited) @executable_path/Frameworks";
				PRODUCT_BUNDLE_IDENTIFIER = com.netcoptech.swoosh;
				PRODUCT_NAME = "$(TARGET_NAME)";
				SWIFT_VERSION = 4.0;
				TARGETED_DEVICE_FAMILY = "1,2";
			};
			name = Debug;
		};
		286F178C1F65192A0040DAE6 /* Release */ = {
			isa = XCBuildConfiguration;
			buildSettings = {
				ASSETCATALOG_COMPILER_APPICON_NAME = AppIcon;
				CODE_SIGN_STYLE = Automatic;
				DEVELOPMENT_TEAM = CLNTW5F762;
				INFOPLIST_FILE = swoosh/Info.plist;
				LD_RUNPATH_SEARCH_PATHS = "$(inherited) @executable_path/Frameworks";
				PRODUCT_BUNDLE_IDENTIFIER = com.netcoptech.swoosh;
				PRODUCT_NAME = "$(TARGET_NAME)";
				SWIFT_VERSION = 4.0;
				TARGETED_DEVICE_FAMILY = "1,2";
			};
			name = Release;
		};
/* End XCBuildConfiguration section */

/* Begin XCConfigurationList section */
		286F17731F65192A0040DAE6 /* Build configuration list for PBXProject "swoosh" */ = {
			isa = XCConfigurationList;
			buildConfigurations = (
				286F17881F65192A0040DAE6 /* Debug */,
				286F17891F65192A0040DAE6 /* Release */,
			);
			defaultConfigurationIsVisible = 0;
			defaultConfigurationName = Release;
		};
		286F178A1F65192A0040DAE6 /* Build configuration list for PBXNativeTarget "swoosh" */ = {
			isa = XCConfigurationList;
			buildConfigurations = (
				286F178B1F65192A0040DAE6 /* Debug */,
				286F178C1F65192A0040DAE6 /* Release */,
			);
			defaultConfigurationIsVisible = 0;
			defaultConfigurationName = Release;
		};
/* End XCConfigurationList section */
	};
	rootObject = 286F17701F65192A0040DAE6 /* Project object */;
}
